PODS:
  - SwiftyPatternLock (0.1.0)

DEPENDENCIES:
  - SwiftyPatternLock (from `../`)

EXTERNAL SOURCES:
  SwiftyPatternLock:
    :path: "../"

SPEC CHECKSUMS:
  SwiftyPatternLock: 7572b03dbf9805919f86800decb5824db2d61176

PODFILE CHECKSUM: a8afeee6f2789a7ba75ee7146b6ec084c070564c

COCOAPODS: 1.7.5
